# THIS IS AN AUTOGENERATED FILE. DO NOT EDIT THIS FILE DIRECTLY.
# yarn lockfile v1


hexo-butterfly-tag-plugins-plus@^1.0.17:
  version "1.0.17"
  resolved "https://registry.npmmirror.com/hexo-butterfly-tag-plugins-plus/-/hexo-butterfly-tag-plugins-plus-1.0.17.tgz#6e0050f420e0babef9061e9990c6bea6a51b6dc4"
  integrity sha512-GpQS8YiEFv989kclBedKaRBhzA8yx+Boq/v04Nn04KCibnhv5EJj5E/OV3QXz1jw8mCwGlOyiL7xVSqA6KyRQQ==
